<?xml version="1.0" encoding="utf-8"?>
<Project ToolsVersion="4.0" xmlns="http://schemas.microsoft.com/developer/msbuild/2003">
  <ItemGroup>
    <Filter Include="ソース ファイル">
      <UniqueIdentifier>{4FC737F1-C7A5-4376-A066-2A32D752A2FF}</UniqueIdentifier>
      <Extensions>cpp;c;cc;cxx;c++;cppm;ixx;def;odl;idl;hpj;bat;asm;asmx</Extensions>
    </Filter>
    <Filter Include="ヘッダー ファイル">
      <UniqueIdentifier>{93995380-89BD-4b04-88EB-625FBE52EBFB}</UniqueIdentifier>
      <Extensions>h;hh;hpp;hxx;h++;hm;inl;inc;ipp;xsd</Extensions>
    </Filter>
    <Filter Include="リソース ファイル">
      <UniqueIdentifier>{67DA6AB6-F800-4c08-8B7A-83BB121AAD01}</UniqueIdentifier>
      <Extensions>rc;ico;cur;bmp;dlg;rc2;rct;bin;rgs;gif;jpg;jpeg;jpe;resx;tiff;tif;png;wav;mfcribbon-ms</Extensions>
    </Filter>
    <Filter Include="Base">
      <UniqueIdentifier>{e220aa9d-a325-4143-bfd1-44c45d02cccb}</UniqueIdentifier>
    </Filter>
    <Filter Include="Imgui">
      <UniqueIdentifier>{54f8eed0-563e-4a31-9a96-dc803581bbde}</UniqueIdentifier>
    </Filter>
    <Filter Include="Base\Command">
      <UniqueIdentifier>{177f0ea3-2635-456a-baca-adbf83d40165}</UniqueIdentifier>
    </Filter>
    <Filter Include="Shader">
      <UniqueIdentifier>{1863f9f9-b148-48fa-a881-5002ce3fad9b}</UniqueIdentifier>
    </Filter>
  </ItemGroup>
  <ItemGroup>
    <ClCompile Include="main.cpp">
      <Filter>ソース ファイル</Filter>
    </ClCompile>
    <ClCompile Include="Externals\imgui\imgui.cpp">
      <Filter>Imgui</Filter>
    </ClCompile>
    <ClCompile Include="Externals\imgui\imgui_demo.cpp">
      <Filter>Imgui</Filter>
    </ClCompile>
    <ClCompile Include="Externals\imgui\imgui_draw.cpp">
      <Filter>Imgui</Filter>
    </ClCompile>
    <ClCompile Include="Externals\imgui\imgui_impl_dx12.cpp">
      <Filter>Imgui</Filter>
    </ClCompile>
    <ClCompile Include="Externals\imgui\imgui_impl_win32.cpp">
      <Filter>Imgui</Filter>
    </ClCompile>
    <ClCompile Include="Externals\imgui\imgui_tables.cpp">
      <Filter>Imgui</Filter>
    </ClCompile>
    <ClCompile Include="Externals\imgui\imgui_widgets.cpp">
      <Filter>Imgui</Filter>
    </ClCompile>
    <ClCompile Include="WindowsAPI.cpp">
      <Filter>Base</Filter>
    </ClCompile>
    <ClCompile Include="CommandList.cpp">
      <Filter>Base\Command</Filter>
    </ClCompile>
    <ClCompile Include="CommandQueue.cpp">
      <Filter>Base\Command</Filter>
    </ClCompile>
    <ClCompile Include="CommandManager.cpp">
      <Filter>Base\Command</Filter>
    </ClCompile>
    <ClCompile Include="SwapChain.cpp">
      <Filter>Base</Filter>
    </ClCompile>
    <ClCompile Include="Depth.cpp">
      <Filter>Base</Filter>
    </ClCompile>
    <ClCompile Include="RenderTarget.cpp">
      <Filter>Base</Filter>
    </ClCompile>
    <ClCompile Include="Device.cpp">
      <Filter>Base</Filter>
    </ClCompile>
    <ClCompile Include="Fence.cpp">
      <Filter>Base</Filter>
    </ClCompile>
    <ClCompile Include="DirectXApp.cpp">
      <Filter>Base</Filter>
    </ClCompile>
    <ClCompile Include="PSO.cpp">
      <Filter>ソース ファイル</Filter>
    </ClCompile>
  </ItemGroup>
  <ItemGroup>
    <ClInclude Include="Externals\imgui\imconfig.h">
      <Filter>Imgui</Filter>
    </ClInclude>
    <ClInclude Include="Externals\imgui\imgui.h">
      <Filter>Imgui</Filter>
    </ClInclude>
    <ClInclude Include="Externals\imgui\imgui_impl_dx12.h">
      <Filter>Imgui</Filter>
    </ClInclude>
    <ClInclude Include="Externals\imgui\imgui_impl_win32.h">
      <Filter>Imgui</Filter>
    </ClInclude>
    <ClInclude Include="Externals\imgui\imgui_internal.h">
      <Filter>Imgui</Filter>
    </ClInclude>
    <ClInclude Include="Externals\imgui\imstb_rectpack.h">
      <Filter>Imgui</Filter>
    </ClInclude>
    <ClInclude Include="Externals\imgui\imstb_textedit.h">
      <Filter>Imgui</Filter>
    </ClInclude>
    <ClInclude Include="Externals\imgui\imstb_truetype.h">
      <Filter>Imgui</Filter>
    </ClInclude>
    <ClInclude Include="WindowsAPI.h">
      <Filter>Base</Filter>
    </ClInclude>
    <ClInclude Include="CommandList.h">
      <Filter>Base\Command</Filter>
    </ClInclude>
    <ClInclude Include="CommandQueue.h">
      <Filter>Base\Command</Filter>
    </ClInclude>
    <ClInclude Include="CommandManager.h">
      <Filter>Base\Command</Filter>
    </ClInclude>
    <ClInclude Include="SwapChain.h">
      <Filter>Base</Filter>
    </ClInclude>
    <ClInclude Include="RenderTarget.h">
      <Filter>Base</Filter>
    </ClInclude>
    <ClInclude Include="Depth.h">
      <Filter>Base</Filter>
    </ClInclude>
    <ClInclude Include="Device.h">
      <Filter>Base</Filter>
    </ClInclude>
    <ClInclude Include="Fence.h">
      <Filter>Base</Filter>
    </ClInclude>
    <ClInclude Include="DirectXApp.h">
      <Filter>Base</Filter>
    </ClInclude>
    <ClInclude Include="PSO.h">
      <Filter>ヘッダー ファイル</Filter>
    </ClInclude>
  </ItemGroup>
  <ItemGroup>
    <Text Include="Externals\imgui\LICENSE.txt">
      <Filter>Imgui</Filter>
    </Text>
  </ItemGroup>
  <ItemGroup>
    <FxCompile Include="BasicVS.hlsl">
      <Filter>Shader</Filter>
    </FxCompile>
    <FxCompile Include="BasicPS.hlsl">
      <Filter>Shader</Filter>
    </FxCompile>
  </ItemGroup>
</Project>